
Microsoft Visual Studio Solution File, Format Version 12.00
# Visual Studio Version 17
VisualStudioVersion = 17.5.002.0
MinimumVisualStudioVersion = 10.0.40219.1
Project("{9A19103F-16F7-4668-BE54-9A1E7A4F7556}") = "TestWebApp", "Main/TestWebApp.csproj", "{3CA5064E-7AB9-4B10-A265-3C90D0893580}"
EndProject
Project("{FAE04EC0-301F-11D3-BF4B-00C04F79EFBC}") = "TestWebApp.Test", "Test\TestWebApp.Test\TestWebApp.Test.csproj", "{19F768AF-DB3E-49EF-96E5-44AB84F14161}"
EndProject
Global
	GlobalSection(SolutionConfigurationPlatforms) = preSolution
		Debug|Any CPU = Debug|Any CPU
		Release|Any CPU = Release|Any CPU
	EndGlobalSection
	GlobalSection(ProjectConfigurationPlatforms) = postSolution
		{3CA5064E-7AB9-4B10-A265-3C90D0893580}.Debug|Any CPU.ActiveCfg = Debug|Any CPU
		{3CA5064E-7AB9-4B10-A265-3C90D0893580}.Debug|Any CPU.Build.0 = Debug|Any CPU
		{3CA5064E-7AB9-4B10-A265-3C90D0893580}.Release|Any CPU.ActiveCfg = Release|Any CPU
		{3CA5064E-7AB9-4B10-A265-3C90D0893580}.Release|Any CPU.Build.0 = Release|Any CPU
		{19F768AF-DB3E-49EF-96E5-44AB84F14161}.Debug|Any CPU.ActiveCfg = Debug|Any CPU
		{19F768AF-DB3E-49EF-96E5-44AB84F14161}.Debug|Any CPU.Build.0 = Debug|Any CPU
		{19F768AF-DB3E-49EF-96E5-44AB84F14161}.Release|Any CPU.ActiveCfg = Release|Any CPU
		{19F768AF-DB3E-49EF-96E5-44AB84F14161}.Release|Any CPU.Build.0 = Release|Any CPU
	EndGlobalSection
	GlobalSection(SolutionProperties) = preSolution
		HideSolutionNode = FALSE
	EndGlobalSection
	GlobalSection(ExtensibilityGlobals) = postSolution
		SolutionGuid = {8738B3C5-EE59-42A5-A9F7-5686BE0488BC}
	EndGlobalSection
EndGlobal
